// !$*UTF8*$!
{
	archiveVersion = 1;
	classes = {
	};
	objectVersion = 46;
	objects = {

/* Begin PBXBuildFile section */
		232CE965153CDC9A0083785D /* UIKit.framework in Frameworks */ = {isa = PBXBuildFile; fileRef = 232CE964153CDC9A0083785D /* UIKit.framework */; };
		232CE967153CDC9A0083785D /* Foundation.framework in Frameworks */ = {isa = PBXBuildFile; fileRef = 232CE966153CDC9A0083785D /* Foundation.framework */; };
		232CE969153CDC9A0083785D /* CoreGraphics.framework in Frameworks */ = {isa = PBXBuildFile; fileRef = 232CE968153CDC9A0083785D /* CoreGraphics.framework */; };
		232CE96F153CDC9A0083785D /* InfoPlist.strings in Resources */ = {isa = PBXBuildFile; fileRef = 232CE96D153CDC9A0083785D /* InfoPlist.strings */; };
		232CE971153CDC9A0083785D /* main.m in Sources */ = {isa = PBXBuildFile; fileRef = 232CE970153CDC9A0083785D /* main.m */; };
		232CE975153CDC9A0083785D /* AppDelegate.mm in Sources */ = {isa = PBXBuildFile; fileRef = 232CE974153CDC9A0083785D /* AppDelegate.mm */; };
		232CEA24153CF2180083785D /* SpellChecker.mm in Sources */ = {isa = PBXBuildFile; fileRef = 232CEA21153CF2170083785D /* SpellChecker.mm */; };
		232CEA2E153CF47C0083785D /* dictionary.lst in Resources */ = {isa = PBXBuildFile; fileRef = 232CEA2A153CF47C0083785D /* dictionary.lst */; };
		232CEA30153CF47C0083785D /* en_GB.aff in Resources */ = {isa = PBXBuildFile; fileRef = 232CEA2B153CF47C0083785D /* en_GB.aff */; };
		232CEA32153CF47C0083785D /* en_GB.dic in Resources */ = {isa = PBXBuildFile; fileRef = 232CEA2C153CF47C0083785D /* en_GB.dic */; };
		232CEA34153CF47C0083785D /* README_en_GB.txt in Resources */ = {isa = PBXBuildFile; fileRef = 232CEA2D153CF47C0083785D /* README_en_GB.txt */; };
		232E76501564874F00A91424 /* SuggestionBar.m in Sources */ = {isa = PBXBuildFile; fileRef = 232E764A156480BE00A91424 /* SuggestionBar.m */; };
		2340143F153FA27100BF8846 /* ga_IE.aff in Resources */ = {isa = PBXBuildFile; fileRef = 2340143D153FA27100BF8846 /* ga_IE.aff */; };
		23401440153FA27100BF8846 /* ga_IE.dic in Resources */ = {isa = PBXBuildFile; fileRef = 2340143E153FA27100BF8846 /* ga_IE.dic */; };
		23444EF4153F635800C8283C /* SpellingViewController.m in Sources */ = {isa = PBXBuildFile; fileRef = 23444EF2153F635800C8283C /* SpellingViewController.m */; };
		23444EF5153F635800C8283C /* SpellingViewController.xib in Resources */ = {isa = PBXBuildFile; fileRef = 23444EF3153F635800C8283C /* SpellingViewController.xib */; };
		235B12E1157011B600E8F262 /* SpellingSuggestionDelegate.m in Sources */ = {isa = PBXBuildFile; fileRef = 235B12E0157011B600E8F262 /* SpellingSuggestionDelegate.m */; };
		B23ED76619D7E3EF00695E0C /* en_US.aff in Resources */ = {isa = PBXBuildFile; fileRef = B23ED76319D7E3EF00695E0C /* en_US.aff */; };
		B23ED76719D7E3EF00695E0C /* en_US.dic in Resources */ = {isa = PBXBuildFile; fileRef = B23ED76419D7E3EF00695E0C /* en_US.dic */; };
		B23ED76819D7E3EF00695E0C /* README.txt in Resources */ = {isa = PBXBuildFile; fileRef = B23ED76519D7E3EF00695E0C /* README.txt */; };
		B23ED7CA19D807D500695E0C /* affentry.mm in Sources */ = {isa = PBXBuildFile; fileRef = B23ED7AB19D807D500695E0C /* affentry.mm */; };
		B23ED7CB19D807D500695E0C /* affixmgr.mm in Sources */ = {isa = PBXBuildFile; fileRef = B23ED7AD19D807D500695E0C /* affixmgr.mm */; };
		B23ED7CC19D807D500695E0C /* csutil.mm in Sources */ = {isa = PBXBuildFile; fileRef = B23ED7B219D807D500695E0C /* csutil.mm */; };
		B23ED7CD19D807D500695E0C /* dictmgr.mm in Sources */ = {isa = PBXBuildFile; fileRef = B23ED7B419D807D500695E0C /* dictmgr.mm */; };
		B23ED7CE19D807D500695E0C /* filemgr.mm in Sources */ = {isa = PBXBuildFile; fileRef = B23ED7B619D807D500695E0C /* filemgr.mm */; };
		B23ED7CF19D807D500695E0C /* hashmgr.mm in Sources */ = {isa = PBXBuildFile; fileRef = B23ED7B819D807D500695E0C /* hashmgr.mm */; };
		B23ED7D019D807D500695E0C /* hunspell.mm in Sources */ = {isa = PBXBuildFile; fileRef = B23ED7BB19D807D500695E0C /* hunspell.mm */; };
		B23ED7D119D807D500695E0C /* hunzip.mm in Sources */ = {isa = PBXBuildFile; fileRef = B23ED7BE19D807D500695E0C /* hunzip.mm */; };
		B23ED7D419D807D500695E0C /* phonet.mm in Sources */ = {isa = PBXBuildFile; fileRef = B23ED7C319D807D500695E0C /* phonet.mm */; };
		B23ED7D519D807D500695E0C /* replist.mm in Sources */ = {isa = PBXBuildFile; fileRef = B23ED7C519D807D500695E0C /* replist.mm */; };
		B23ED7D619D807D500695E0C /* suggestmgr.mm in Sources */ = {isa = PBXBuildFile; fileRef = B23ED7C719D807D500695E0C /* suggestmgr.mm */; };
		B2CB17D519D7C4C0004F5E60 /* QuartzCore.framework in Frameworks */ = {isa = PBXBuildFile; fileRef = 232E764D1564819C00A91424 /* QuartzCore.framework */; };
		B2F5DEA519D7C54700A8EF19 /* LaunchScreen.xib in Resources */ = {isa = PBXBuildFile; fileRef = B2F5DEA419D7C54700A8EF19 /* LaunchScreen.xib */; };
/* End PBXBuildFile section */

/* Begin PBXFileReference section */
		232CE960153CDC9A0083785D /* Hunspell.app */ = {isa = PBXFileReference; explicitFileType = wrapper.application; includeInIndex = 0; path = Hunspell.app; sourceTree = BUILT_PRODUCTS_DIR; };
		232CE964153CDC9A0083785D /* UIKit.framework */ = {isa = PBXFileReference; lastKnownFileType = wrapper.framework; name = UIKit.framework; path = System/Library/Frameworks/UIKit.framework; sourceTree = SDKROOT; };
		232CE966153CDC9A0083785D /* Foundation.framework */ = {isa = PBXFileReference; lastKnownFileType = wrapper.framework; name = Foundation.framework; path = System/Library/Frameworks/Foundation.framework; sourceTree = SDKROOT; };
		232CE968153CDC9A0083785D /* CoreGraphics.framework */ = {isa = PBXFileReference; lastKnownFileType = wrapper.framework; name = CoreGraphics.framework; path = System/Library/Frameworks/CoreGraphics.framework; sourceTree = SDKROOT; };
		232CE96C153CDC9A0083785D /* Hunspell-Info.plist */ = {isa = PBXFileReference; lastKnownFileType = text.plist.xml; path = "Hunspell-Info.plist"; sourceTree = "<group>"; };
		232CE96E153CDC9A0083785D /* en */ = {isa = PBXFileReference; lastKnownFileType = text.plist.strings; name = en; path = en.lproj/InfoPlist.strings; sourceTree = "<group>"; };
		232CE970153CDC9A0083785D /* main.m */ = {isa = PBXFileReference; lastKnownFileType = sourcecode.c.objc; path = main.m; sourceTree = "<group>"; };
		232CE972153CDC9A0083785D /* Hunspell-Prefix.pch */ = {isa = PBXFileReference; lastKnownFileType = sourcecode.c.h; path = "Hunspell-Prefix.pch"; sourceTree = "<group>"; };
		232CE973153CDC9A0083785D /* AppDelegate.h */ = {isa = PBXFileReference; lastKnownFileType = sourcecode.c.h; path = AppDelegate.h; sourceTree = "<group>"; };
		232CE974153CDC9A0083785D /* AppDelegate.mm */ = {isa = PBXFileReference; lastKnownFileType = sourcecode.cpp.objcpp; path = AppDelegate.mm; sourceTree = "<group>"; };
		232CE97C153CDC9A0083785D /* SenTestingKit.framework */ = {isa = PBXFileReference; lastKnownFileType = wrapper.framework; name = SenTestingKit.framework; path = Library/Frameworks/SenTestingKit.framework; sourceTree = DEVELOPER_DIR; };
		232CEA20153CF2170083785D /* SpellChecker.h */ = {isa = PBXFileReference; fileEncoding = 4; lastKnownFileType = sourcecode.c.h; path = SpellChecker.h; sourceTree = "<group>"; };
		232CEA21153CF2170083785D /* SpellChecker.mm */ = {isa = PBXFileReference; fileEncoding = 4; lastKnownFileType = sourcecode.cpp.objcpp; path = SpellChecker.mm; sourceTree = "<group>"; };
		232CEA2A153CF47C0083785D /* dictionary.lst */ = {isa = PBXFileReference; fileEncoding = 4; lastKnownFileType = text; path = dictionary.lst; sourceTree = "<group>"; };
		232CEA2B153CF47C0083785D /* en_GB.aff */ = {isa = PBXFileReference; fileEncoding = 4; lastKnownFileType = text; path = en_GB.aff; sourceTree = "<group>"; };
		232CEA2C153CF47C0083785D /* en_GB.dic */ = {isa = PBXFileReference; fileEncoding = 4; lastKnownFileType = text; path = en_GB.dic; sourceTree = "<group>"; };
		232CEA2D153CF47C0083785D /* README_en_GB.txt */ = {isa = PBXFileReference; fileEncoding = 4; lastKnownFileType = text; path = README_en_GB.txt; sourceTree = "<group>"; };
		232E7649156480BE00A91424 /* SuggestionBar.h */ = {isa = PBXFileReference; fileEncoding = 4; lastKnownFileType = sourcecode.c.h; path = SuggestionBar.h; sourceTree = "<group>"; };
		232E764A156480BE00A91424 /* SuggestionBar.m */ = {isa = PBXFileReference; fileEncoding = 4; lastKnownFileType = sourcecode.c.objc; path = SuggestionBar.m; sourceTree = "<group>"; };
		232E764D1564819C00A91424 /* QuartzCore.framework */ = {isa = PBXFileReference; lastKnownFileType = wrapper.framework; name = QuartzCore.framework; path = System/Library/Frameworks/QuartzCore.framework; sourceTree = SDKROOT; };
		2340143D153FA27100BF8846 /* ga_IE.aff */ = {isa = PBXFileReference; fileEncoding = 4; lastKnownFileType = text; path = ga_IE.aff; sourceTree = "<group>"; };
		2340143E153FA27100BF8846 /* ga_IE.dic */ = {isa = PBXFileReference; fileEncoding = 4; lastKnownFileType = text; path = ga_IE.dic; sourceTree = "<group>"; };
		23444EF1153F635800C8283C /* SpellingViewController.h */ = {isa = PBXFileReference; fileEncoding = 4; lastKnownFileType = sourcecode.c.h; path = SpellingViewController.h; sourceTree = "<group>"; };
		23444EF2153F635800C8283C /* SpellingViewController.m */ = {isa = PBXFileReference; fileEncoding = 4; lastKnownFileType = sourcecode.c.objc; path = SpellingViewController.m; sourceTree = "<group>"; };
		23444EF3153F635800C8283C /* SpellingViewController.xib */ = {isa = PBXFileReference; fileEncoding = 4; lastKnownFileType = file.xib; path = SpellingViewController.xib; sourceTree = "<group>"; };
		235B12DF157011B600E8F262 /* SpellingSuggestionDelegate.h */ = {isa = PBXFileReference; fileEncoding = 4; lastKnownFileType = sourcecode.c.h; path = SpellingSuggestionDelegate.h; sourceTree = "<group>"; };
		235B12E0157011B600E8F262 /* SpellingSuggestionDelegate.m */ = {isa = PBXFileReference; fileEncoding = 4; lastKnownFileType = sourcecode.c.objc; path = SpellingSuggestionDelegate.m; sourceTree = "<group>"; };
		B23ED76319D7E3EF00695E0C /* en_US.aff */ = {isa = PBXFileReference; fileEncoding = 4; lastKnownFileType = text; path = en_US.aff; sourceTree = "<group>"; };
		B23ED76419D7E3EF00695E0C /* en_US.dic */ = {isa = PBXFileReference; fileEncoding = 4; lastKnownFileType = text; path = en_US.dic; sourceTree = "<group>"; };
		B23ED76519D7E3EF00695E0C /* README.txt */ = {isa = PBXFileReference; fileEncoding = 4; lastKnownFileType = text; path = README.txt; sourceTree = "<group>"; };
		B23ED7AA19D807D500695E0C /* affentry.h */ = {isa = PBXFileReference; fileEncoding = 4; lastKnownFileType = sourcecode.c.h; path = affentry.h; sourceTree = "<group>"; };
		B23ED7AB19D807D500695E0C /* affentry.mm */ = {isa = PBXFileReference; fileEncoding = 4; lastKnownFileType = sourcecode.cpp.objcpp; path = affentry.mm; sourceTree = "<group>"; };
		B23ED7AC19D807D500695E0C /* affixmgr.h */ = {isa = PBXFileReference; fileEncoding = 4; lastKnownFileType = sourcecode.c.h; path = affixmgr.h; sourceTree = "<group>"; };
		B23ED7AD19D807D500695E0C /* affixmgr.mm */ = {isa = PBXFileReference; fileEncoding = 4; lastKnownFileType = sourcecode.cpp.objcpp; path = affixmgr.mm; sourceTree = "<group>"; };
		B23ED7AE19D807D500695E0C /* atypes.h */ = {isa = PBXFileReference; fileEncoding = 4; lastKnownFileType = sourcecode.c.h; path = atypes.h; sourceTree = "<group>"; };
		B23ED7AF19D807D500695E0C /* baseaffix.h */ = {isa = PBXFileReference; fileEncoding = 4; lastKnownFileType = sourcecode.c.h; path = baseaffix.h; sourceTree = "<group>"; };
		B23ED7B019D807D500695E0C /* config.h */ = {isa = PBXFileReference; fileEncoding = 4; lastKnownFileType = sourcecode.c.h; path = config.h; sourceTree = "<group>"; };
		B23ED7B119D807D500695E0C /* csutil.h */ = {isa = PBXFileReference; fileEncoding = 4; lastKnownFileType = sourcecode.c.h; path = csutil.h; sourceTree = "<group>"; };
		B23ED7B219D807D500695E0C /* csutil.mm */ = {isa = PBXFileReference; fileEncoding = 4; lastKnownFileType = sourcecode.cpp.objcpp; path = csutil.mm; sourceTree = "<group>"; };
		B23ED7B319D807D500695E0C /* dictmgr.h */ = {isa = PBXFileReference; fileEncoding = 4; lastKnownFileType = sourcecode.c.h; path = dictmgr.h; sourceTree = "<group>"; };
		B23ED7B419D807D500695E0C /* dictmgr.mm */ = {isa = PBXFileReference; fileEncoding = 4; lastKnownFileType = sourcecode.cpp.objcpp; path = dictmgr.mm; sourceTree = "<group>"; };
		B23ED7B519D807D500695E0C /* filemgr.h */ = {isa = PBXFileReference; fileEncoding = 4; lastKnownFileType = sourcecode.c.h; path = filemgr.h; sourceTree = "<group>"; };
		B23ED7B619D807D500695E0C /* filemgr.mm */ = {isa = PBXFileReference; fileEncoding = 4; lastKnownFileType = sourcecode.cpp.objcpp; path = filemgr.mm; sourceTree = "<group>"; };
		B23ED7B719D807D500695E0C /* hashmgr.h */ = {isa = PBXFileReference; fileEncoding = 4; lastKnownFileType = sourcecode.c.h; path = hashmgr.h; sourceTree = "<group>"; };
		B23ED7B819D807D500695E0C /* hashmgr.mm */ = {isa = PBXFileReference; fileEncoding = 4; lastKnownFileType = sourcecode.cpp.objcpp; path = hashmgr.mm; sourceTree = "<group>"; };
		B23ED7B919D807D500695E0C /* htypes.h */ = {isa = PBXFileReference; fileEncoding = 4; lastKnownFileType = sourcecode.c.h; path = htypes.h; sourceTree = "<group>"; };
		B23ED7BA19D807D500695E0C /* hunspell.h */ = {isa = PBXFileReference; fileEncoding = 4; lastKnownFileType = sourcecode.c.h; path = hunspell.h; sourceTree = "<group>"; };
		B23ED7BB19D807D500695E0C /* hunspell.mm */ = {isa = PBXFileReference; fileEncoding = 4; lastKnownFileType = sourcecode.cpp.objcpp; path = hunspell.mm; sourceTree = "<group>"; };
		B23ED7BC19D807D500695E0C /* hunvisapi.h */ = {isa = PBXFileReference; fileEncoding = 4; lastKnownFileType = sourcecode.c.h; path = hunvisapi.h; sourceTree = "<group>"; };
		B23ED7BD19D807D500695E0C /* hunzip.h */ = {isa = PBXFileReference; fileEncoding = 4; lastKnownFileType = sourcecode.c.h; path = hunzip.h; sourceTree = "<group>"; };
		B23ED7BE19D807D500695E0C /* hunzip.mm */ = {isa = PBXFileReference; fileEncoding = 4; lastKnownFileType = sourcecode.cpp.objcpp; path = hunzip.mm; sourceTree = "<group>"; };
		B23ED7BF19D807D500695E0C /* langnum.h */ = {isa = PBXFileReference; fileEncoding = 4; lastKnownFileType = sourcecode.c.h; path = langnum.h; sourceTree = "<group>"; };
		B23ED7C019D807D500695E0C /* license.hunspell */ = {isa = PBXFileReference; fileEncoding = 4; lastKnownFileType = text; path = license.hunspell; sourceTree = "<group>"; };
		B23ED7C119D807D500695E0C /* license.myspell */ = {isa = PBXFileReference; fileEncoding = 4; lastKnownFileType = text; path = license.myspell; sourceTree = "<group>"; };
		B23ED7C219D807D500695E0C /* phonet.h */ = {isa = PBXFileReference; fileEncoding = 4; lastKnownFileType = sourcecode.c.h; path = phonet.h; sourceTree = "<group>"; };
		B23ED7C319D807D500695E0C /* phonet.mm */ = {isa = PBXFileReference; fileEncoding = 4; lastKnownFileType = sourcecode.cpp.objcpp; path = phonet.mm; sourceTree = "<group>"; };
		B23ED7C419D807D500695E0C /* replist.h */ = {isa = PBXFileReference; fileEncoding = 4; lastKnownFileType = sourcecode.c.h; path = replist.h; sourceTree = "<group>"; };
		B23ED7C519D807D500695E0C /* replist.mm */ = {isa = PBXFileReference; fileEncoding = 4; lastKnownFileType = sourcecode.cpp.objcpp; path = replist.mm; sourceTree = "<group>"; };
		B23ED7C619D807D500695E0C /* suggestmgr.h */ = {isa = PBXFileReference; fileEncoding = 4; lastKnownFileType = sourcecode.c.h; path = suggestmgr.h; sourceTree = "<group>"; };
		B23ED7C719D807D500695E0C /* suggestmgr.mm */ = {isa = PBXFileReference; fileEncoding = 4; lastKnownFileType = sourcecode.cpp.objcpp; path = suggestmgr.mm; sourceTree = "<group>"; };
		B23ED7C819D807D500695E0C /* utf_info.mm */ = {isa = PBXFileReference; fileEncoding = 4; lastKnownFileType = sourcecode.cpp.objcpp; path = utf_info.mm; sourceTree = "<group>"; };
		B23ED7C919D807D500695E0C /* w_char.h */ = {isa = PBXFileReference; fileEncoding = 4; lastKnownFileType = sourcecode.c.h; path = w_char.h; sourceTree = "<group>"; };
		B2F5DEA419D7C54700A8EF19 /* LaunchScreen.xib */ = {isa = PBXFileReference; fileEncoding = 4; lastKnownFileType = file.xib; path = LaunchScreen.xib; sourceTree = "<group>"; };
/* End PBXFileReference section */

/* Begin PBXFrameworksBuildPhase section */
		232CE95D153CDC9A0083785D /* Frameworks */ = {
			isa = PBXFrameworksBuildPhase;
			buildActionMask = 2147483647;
			files = (
				B2CB17D519D7C4C0004F5E60 /* QuartzCore.framework in Frameworks */,
				232CE965153CDC9A0083785D /* UIKit.framework in Frameworks */,
				232CE967153CDC9A0083785D /* Foundation.framework in Frameworks */,
				232CE969153CDC9A0083785D /* CoreGraphics.framework in Frameworks */,
			);
			runOnlyForDeploymentPostprocessing = 0;
		};
/* End PBXFrameworksBuildPhase section */

/* Begin PBXGroup section */
		232CE955153CDC9A0083785D = {
			isa = PBXGroup;
			children = (
				232CE96A153CDC9A0083785D /* Hunspell */,
				232CE963153CDC9A0083785D /* Frameworks */,
				232CE961153CDC9A0083785D /* Products */,
			);
			sourceTree = "<group>";
		};
		232CE961153CDC9A0083785D /* Products */ = {
			isa = PBXGroup;
			children = (
				232CE960153CDC9A0083785D /* Hunspell.app */,
			);
			name = Products;
			sourceTree = "<group>";
		};
		232CE963153CDC9A0083785D /* Frameworks */ = {
			isa = PBXGroup;
			children = (
				232E764D1564819C00A91424 /* QuartzCore.framework */,
				232CE964153CDC9A0083785D /* UIKit.framework */,
				232CE966153CDC9A0083785D /* Foundation.framework */,
				232CE968153CDC9A0083785D /* CoreGraphics.framework */,
				232CE97C153CDC9A0083785D /* SenTestingKit.framework */,
			);
			name = Frameworks;
			sourceTree = "<group>";
		};
		232CE96A153CDC9A0083785D /* Hunspell */ = {
			isa = PBXGroup;
			children = (
				B2F5DEA419D7C54700A8EF19 /* LaunchScreen.xib */,
				232CE973153CDC9A0083785D /* AppDelegate.h */,
				232CE974153CDC9A0083785D /* AppDelegate.mm */,
				23444EF1153F635800C8283C /* SpellingViewController.h */,
				23444EF2153F635800C8283C /* SpellingViewController.m */,
				23444EF3153F635800C8283C /* SpellingViewController.xib */,
				235B12DD157010DC00E8F262 /* UI Elements */,
				2364C746155CA1F0000E8310 /* Hunspell Engine */,
				232CE96B153CDC9A0083785D /* Supporting Files */,
			);
			path = Hunspell;
			sourceTree = "<group>";
		};
		232CE96B153CDC9A0083785D /* Supporting Files */ = {
			isa = PBXGroup;
			children = (
				232CE96C153CDC9A0083785D /* Hunspell-Info.plist */,
				232CE96D153CDC9A0083785D /* InfoPlist.strings */,
				232CE970153CDC9A0083785D /* main.m */,
				232CE972153CDC9A0083785D /* Hunspell-Prefix.pch */,
			);
			path = "Supporting Files";
			sourceTree = "<group>";
		};
		232CE993153CDD570083785D /* Hunspell */ = {
			isa = PBXGroup;
			children = (
				B23ED7AA19D807D500695E0C /* affentry.h */,
				B23ED7AB19D807D500695E0C /* affentry.mm */,
				B23ED7AC19D807D500695E0C /* affixmgr.h */,
				B23ED7AD19D807D500695E0C /* affixmgr.mm */,
				B23ED7AE19D807D500695E0C /* atypes.h */,
				B23ED7AF19D807D500695E0C /* baseaffix.h */,
				B23ED7B019D807D500695E0C /* config.h */,
				B23ED7B119D807D500695E0C /* csutil.h */,
				B23ED7B219D807D500695E0C /* csutil.mm */,
				B23ED7B319D807D500695E0C /* dictmgr.h */,
				B23ED7B419D807D500695E0C /* dictmgr.mm */,
				B23ED7B519D807D500695E0C /* filemgr.h */,
				B23ED7B619D807D500695E0C /* filemgr.mm */,
				B23ED7B719D807D500695E0C /* hashmgr.h */,
				B23ED7B819D807D500695E0C /* hashmgr.mm */,
				B23ED7B919D807D500695E0C /* htypes.h */,
				B23ED7BA19D807D500695E0C /* hunspell.h */,
				B23ED7BB19D807D500695E0C /* hunspell.mm */,
				B23ED7BC19D807D500695E0C /* hunvisapi.h */,
				B23ED7BD19D807D500695E0C /* hunzip.h */,
				B23ED7BE19D807D500695E0C /* hunzip.mm */,
				B23ED7BF19D807D500695E0C /* langnum.h */,
				B23ED7C019D807D500695E0C /* license.hunspell */,
				B23ED7C119D807D500695E0C /* license.myspell */,
				B23ED7C219D807D500695E0C /* phonet.h */,
				B23ED7C319D807D500695E0C /* phonet.mm */,
				B23ED7C419D807D500695E0C /* replist.h */,
				B23ED7C519D807D500695E0C /* replist.mm */,
				B23ED7C619D807D500695E0C /* suggestmgr.h */,
				B23ED7C719D807D500695E0C /* suggestmgr.mm */,
				B23ED7C819D807D500695E0C /* utf_info.mm */,
				B23ED7C919D807D500695E0C /* w_char.h */,
			);
			path = Hunspell;
			sourceTree = "<group>";
		};
		232CEA28153CF45E0083785D /* dictionaries */ = {
			isa = PBXGroup;
			children = (
				B23ED76219D7E3EF00695E0C /* en_US */,
				2340143C153FA25600BF8846 /* en_IE */,
				232CEA29153CF46D0083785D /* en_GB */,
			);
			path = dictionaries;
			sourceTree = "<group>";
		};
		232CEA29153CF46D0083785D /* en_GB */ = {
			isa = PBXGroup;
			children = (
				232CEA2A153CF47C0083785D /* dictionary.lst */,
				232CEA2B153CF47C0083785D /* en_GB.aff */,
				232CEA2C153CF47C0083785D /* en_GB.dic */,
				232CEA2D153CF47C0083785D /* README_en_GB.txt */,
			);
			path = en_GB;
			sourceTree = "<group>";
		};
		2340143C153FA25600BF8846 /* en_IE */ = {
			isa = PBXGroup;
			children = (
				2340143D153FA27100BF8846 /* ga_IE.aff */,
				2340143E153FA27100BF8846 /* ga_IE.dic */,
			);
			path = en_IE;
			sourceTree = "<group>";
		};
		235B12DD157010DC00E8F262 /* UI Elements */ = {
			isa = PBXGroup;
			children = (
				235B12DF157011B600E8F262 /* SpellingSuggestionDelegate.h */,
				235B12E0157011B600E8F262 /* SpellingSuggestionDelegate.m */,
				232E7649156480BE00A91424 /* SuggestionBar.h */,
				232E764A156480BE00A91424 /* SuggestionBar.m */,
			);
			path = "UI Elements";
			sourceTree = "<group>";
		};
		2364C746155CA1F0000E8310 /* Hunspell Engine */ = {
			isa = PBXGroup;
			children = (
				232CEA20153CF2170083785D /* SpellChecker.h */,
				232CEA21153CF2170083785D /* SpellChecker.mm */,
				232CEA28153CF45E0083785D /* dictionaries */,
				232CE993153CDD570083785D /* Hunspell */,
			);
			path = "Hunspell Engine";
			sourceTree = "<group>";
		};
		B23ED76219D7E3EF00695E0C /* en_US */ = {
			isa = PBXGroup;
			children = (
				B23ED76319D7E3EF00695E0C /* en_US.aff */,
				B23ED76419D7E3EF00695E0C /* en_US.dic */,
				B23ED76519D7E3EF00695E0C /* README.txt */,
			);
			path = en_US;
			sourceTree = "<group>";
		};
/* End PBXGroup section */

/* Begin PBXNativeTarget section */
		232CE95F153CDC9A0083785D /* Hunspell */ = {
			isa = PBXNativeTarget;
			buildConfigurationList = 232CE98D153CDC9A0083785D /* Build configuration list for PBXNativeTarget "Hunspell" */;
			buildPhases = (
				232CE95C153CDC9A0083785D /* Sources */,
				232CE95D153CDC9A0083785D /* Frameworks */,
				232CE95E153CDC9A0083785D /* Resources */,
			);
			buildRules = (
			);
			dependencies = (
			);
			name = Hunspell;
			productName = Hunspell;
			productReference = 232CE960153CDC9A0083785D /* Hunspell.app */;
			productType = "com.apple.product-type.application";
		};
/* End PBXNativeTarget section */

/* Begin PBXProject section */
		232CE957153CDC9A0083785D /* Project object */ = {
			isa = PBXProject;
			attributes = {
				LastUpgradeCheck = 0430;
			};
			buildConfigurationList = 232CE95A153CDC9A0083785D /* Build configuration list for PBXProject "Hunspell" */;
			compatibilityVersion = "Xcode 3.2";
			developmentRegion = English;
			hasScannedForEncodings = 0;
			knownRegions = (
				en,
			);
			mainGroup = 232CE955153CDC9A0083785D;
			productRefGroup = 232CE961153CDC9A0083785D /* Products */;
			projectDirPath = "";
			projectRoot = "";
			targets = (
				232CE95F153CDC9A0083785D /* Hunspell */,
			);
		};
/* End PBXProject section */

/* Begin PBXResourcesBuildPhase section */
		232CE95E153CDC9A0083785D /* Resources */ = {
			isa = PBXResourcesBuildPhase;
			buildActionMask = 2147483647;
			files = (
				232CE96F153CDC9A0083785D /* InfoPlist.strings in Resources */,
				B2F5DEA519D7C54700A8EF19 /* LaunchScreen.xib in Resources */,
				B23ED76719D7E3EF00695E0C /* en_US.dic in Resources */,
				232CEA2E153CF47C0083785D /* dictionary.lst in Resources */,
				232CEA30153CF47C0083785D /* en_GB.aff in Resources */,
				232CEA32153CF47C0083785D /* en_GB.dic in Resources */,
				B23ED76819D7E3EF00695E0C /* README.txt in Resources */,
				232CEA34153CF47C0083785D /* README_en_GB.txt in Resources */,
				B23ED76619D7E3EF00695E0C /* en_US.aff in Resources */,
				23444EF5153F635800C8283C /* SpellingViewController.xib in Resources */,
				2340143F153FA27100BF8846 /* ga_IE.aff in Resources */,
				23401440153FA27100BF8846 /* ga_IE.dic in Resources */,
			);
			runOnlyForDeploymentPostprocessing = 0;
		};
/* End PBXResourcesBuildPhase section */

/* Begin PBXSourcesBuildPhase section */
		232CE95C153CDC9A0083785D /* Sources */ = {
			isa = PBXSourcesBuildPhase;
			buildActionMask = 2147483647;
			files = (
				B23ED7CE19D807D500695E0C /* filemgr.mm in Sources */,
				232CE971153CDC9A0083785D /* main.m in Sources */,
				B23ED7D019D807D500695E0C /* hunspell.mm in Sources */,
				232CE975153CDC9A0083785D /* AppDelegate.mm in Sources */,
				B23ED7CA19D807D500695E0C /* affentry.mm in Sources */,
				B23ED7D519D807D500695E0C /* replist.mm in Sources */,
				B23ED7CD19D807D500695E0C /* dictmgr.mm in Sources */,
				B23ED7D619D807D500695E0C /* suggestmgr.mm in Sources */,
				B23ED7CC19D807D500695E0C /* csutil.mm in Sources */,
				232CEA24153CF2180083785D /* SpellChecker.mm in Sources */,
				23444EF4153F635800C8283C /* SpellingViewController.m in Sources */,
				B23ED7CB19D807D500695E0C /* affixmgr.mm in Sources */,
				B23ED7CF19D807D500695E0C /* hashmgr.mm in Sources */,
				232E76501564874F00A91424 /* SuggestionBar.m in Sources */,
				B23ED7D119D807D500695E0C /* hunzip.mm in Sources */,
				235B12E1157011B600E8F262 /* SpellingSuggestionDelegate.m in Sources */,
				B23ED7D419D807D500695E0C /* phonet.mm in Sources */,
			);
			runOnlyForDeploymentPostprocessing = 0;
		};
/* End PBXSourcesBuildPhase section */

/* Begin PBXVariantGroup section */
		232CE96D153CDC9A0083785D /* InfoPlist.strings */ = {
			isa = PBXVariantGroup;
			children = (
				232CE96E153CDC9A0083785D /* en */,
			);
			name = InfoPlist.strings;
			sourceTree = "<group>";
		};
/* End PBXVariantGroup section */

/* Begin XCBuildConfiguration section */
		232CE98B153CDC9A0083785D /* Debug */ = {
			isa = XCBuildConfiguration;
			buildSettings = {
				ALWAYS_SEARCH_USER_PATHS = NO;
				ARCHS = "$(ARCHS_STANDARD_32_BIT)";
				CLANG_ENABLE_OBJC_ARC = YES;
				"CODE_SIGN_IDENTITY[sdk=iphoneos*]" = "iPhone Developer";
				COPY_PHASE_STRIP = NO;
				GCC_C_LANGUAGE_STANDARD = gnu99;
				GCC_DYNAMIC_NO_PIC = NO;
				GCC_OPTIMIZATION_LEVEL = 0;
				GCC_PREPROCESSOR_DEFINITIONS = (
					"DEBUG=1",
					"$(inherited)",
				);
				GCC_SYMBOLS_PRIVATE_EXTERN = NO;
				GCC_VERSION = com.apple.compilers.llvm.clang.1_0;
				GCC_WARN_ABOUT_RETURN_TYPE = YES;
				GCC_WARN_UNINITIALIZED_AUTOS = YES;
				GCC_WARN_UNUSED_VARIABLE = YES;
				IPHONEOS_DEPLOYMENT_TARGET = 7.0;
				SDKROOT = iphoneos;
			};
			name = Debug;
		};
		232CE98C153CDC9A0083785D /* Release */ = {
			isa = XCBuildConfiguration;
			buildSettings = {
				ALWAYS_SEARCH_USER_PATHS = NO;
				ARCHS = "$(ARCHS_STANDARD_32_BIT)";
				CLANG_ENABLE_OBJC_ARC = YES;
				"CODE_SIGN_IDENTITY[sdk=iphoneos*]" = "iPhone Developer";
				COPY_PHASE_STRIP = YES;
				GCC_C_LANGUAGE_STANDARD = gnu99;
				GCC_VERSION = com.apple.compilers.llvm.clang.1_0;
				GCC_WARN_ABOUT_RETURN_TYPE = YES;
				GCC_WARN_UNINITIALIZED_AUTOS = YES;
				GCC_WARN_UNUSED_VARIABLE = YES;
				IPHONEOS_DEPLOYMENT_TARGET = 7.0;
				OTHER_CFLAGS = "-DNS_BLOCK_ASSERTIONS=1";
				SDKROOT = iphoneos;
				VALIDATE_PRODUCT = YES;
			};
			name = Release;
		};
		232CE98E153CDC9A0083785D /* Debug */ = {
			isa = XCBuildConfiguration;
			buildSettings = {
				CLANG_ENABLE_OBJC_ARC = YES;
				GCC_PRECOMPILE_PREFIX_HEADER = YES;
				GCC_PREFIX_HEADER = "Hunspell/Supporting Files/Hunspell-Prefix.pch";
				INFOPLIST_FILE = "Hunspell/Supporting Files/Hunspell-Info.plist";
				IPHONEOS_DEPLOYMENT_TARGET = 7.1;
				PRODUCT_NAME = "$(TARGET_NAME)";
				WRAPPER_EXTENSION = app;
			};
			name = Debug;
		};
		232CE98F153CDC9A0083785D /* Release */ = {
			isa = XCBuildConfiguration;
			buildSettings = {
				CLANG_ENABLE_OBJC_ARC = YES;
				GCC_PRECOMPILE_PREFIX_HEADER = YES;
				GCC_PREFIX_HEADER = "Hunspell/Supporting Files/Hunspell-Prefix.pch";
				INFOPLIST_FILE = "Hunspell/Supporting Files/Hunspell-Info.plist";
				IPHONEOS_DEPLOYMENT_TARGET = 7.1;
				PRODUCT_NAME = "$(TARGET_NAME)";
				WRAPPER_EXTENSION = app;
			};
			name = Release;
		};
/* End XCBuildConfiguration section */

/* Begin XCConfigurationList section */
		232CE95A153CDC9A0083785D /* Build configuration list for PBXProject "Hunspell" */ = {
			isa = XCConfigurationList;
			buildConfigurations = (
				232CE98B153CDC9A0083785D /* Debug */,
				232CE98C153CDC9A0083785D /* Release */,
			);
			defaultConfigurationIsVisible = 0;
			defaultConfigurationName = Release;
		};
		232CE98D153CDC9A0083785D /* Build configuration list for PBXNativeTarget "Hunspell" */ = {
			isa = XCConfigurationList;
			buildConfigurations = (
				232CE98E153CDC9A0083785D /* Debug */,
				232CE98F153CDC9A0083785D /* Release */,
			);
			defaultConfigurationIsVisible = 0;
			defaultConfigurationName = Release;
		};
/* End XCConfigurationList section */
	};
	rootObject = 232CE957153CDC9A0083785D /* Project object */;
}
